
Microsoft Visual Studio Solution File, Format Version 12.00
# Visual Studio Version 17
VisualStudioVersion = 17.2.32526.322
MinimumVisualStudioVersion = 10.0.40219.1
Project("{FAE04EC0-301F-11D3-BF4B-00C04F79EFBC}") = "commandLineSlotMachine", "commandLineSlotMachine.csproj", "{DFFA3363-176D-4664-A536-10DF276CF874}"
EndProject
Global
	GlobalSection(SolutionConfigurationPlatforms) = preSolution
		Debug|Any CPU = Debug|Any CPU
		Release|Any CPU = Release|Any CPU
	EndGlobalSection
	GlobalSection(ProjectConfigurationPlatforms) = postSolution
		{DFFA3363-176D-4664-A536-10DF276CF874}.Debug|Any CPU.ActiveCfg = Debug|Any CPU
		{DFFA3363-176D-4664-A536-10DF276CF874}.Debug|Any CPU.Build.0 = Debug|Any CPU
		{DFFA3363-176D-4664-A536-10DF276CF874}.Release|Any CPU.ActiveCfg = Release|Any CPU
		{DFFA3363-176D-4664-A536-10DF276CF874}.Release|Any CPU.Build.0 = Release|Any CPU
	EndGlobalSection
	GlobalSection(SolutionProperties) = preSolution
		HideSolutionNode = FALSE
	EndGlobalSection
	GlobalSection(ExtensibilityGlobals) = postSolution
		SolutionGuid = {5FF3936B-D1CB-4C4F-B927-C1D1987900BD}
	EndGlobalSection
EndGlobal
